
Microsoft Visual Studio Solution File, Format Version 12.00
# Visual Studio Version 17
VisualStudioVersion = 17.14.36310.24 d17.14
MinimumVisualStudioVersion = 10.0.40219.1
Project("{FAE04EC0-301F-11D3-BF4B-00C04F79EFBC}") = "CSharpDSA", "CSharpDSA\CSharpDSA.csproj", "{6ECA7E91-7860-467F-84D5-0023E5098A02}"
EndProject
Global
	GlobalSection(SolutionConfigurationPlatforms) = preSolution
		Debug|Any CPU = Debug|Any CPU
		Release|Any CPU = Release|Any CPU
	EndGlobalSection
	GlobalSection(ProjectConfigurationPlatforms) = postSolution
		{6ECA7E91-7860-467F-84D5-0023E5098A02}.Debug|Any CPU.ActiveCfg = Debug|Any CPU
		{6ECA7E91-7860-467F-84D5-0023E5098A02}.Debug|Any CPU.Build.0 = Debug|Any CPU
		{6ECA7E91-7860-467F-84D5-0023E5098A02}.Release|Any CPU.ActiveCfg = Release|Any CPU
		{6ECA7E91-7860-467F-84D5-0023E5098A02}.Release|Any CPU.Build.0 = Release|Any CPU
	EndGlobalSection
	GlobalSection(SolutionProperties) = preSolution
		HideSolutionNode = FALSE
	EndGlobalSection
	GlobalSection(ExtensibilityGlobals) = postSolution
		SolutionGuid = {D59846DA-3EB2-4F1E-AE80-0C14A7412CF9}
	EndGlobalSection
EndGlobal
